
Microsoft Visual Studio Solution File, Format Version 11.00
# Visual Studio 2010
# SharpDevelop 5.1
Project("{FAE04EC0-301F-11D3-BF4B-00C04F79EFBC}") = "InsertSort", "InsertSort\InsertSort.csproj", "{971CE7FC-7AE8-4B43-9AE1-E90C6A15DA0B}"
EndProject
Global
	GlobalSection(SolutionConfigurationPlatforms) = preSolution
		Debug|Any CPU = Debug|Any CPU
		Release|Any CPU = Release|Any CPU
	EndGlobalSection
	GlobalSection(ProjectConfigurationPlatforms) = postSolution
		{971CE7FC-7AE8-4B43-9AE1-E90C6A15DA0B}.Debug|Any CPU.ActiveCfg = Debug|Any CPU
		{971CE7FC-7AE8-4B43-9AE1-E90C6A15DA0B}.Debug|Any CPU.Build.0 = Debug|Any CPU
		{971CE7FC-7AE8-4B43-9AE1-E90C6A15DA0B}.Release|Any CPU.ActiveCfg = Release|Any CPU
		{971CE7FC-7AE8-4B43-9AE1-E90C6A15DA0B}.Release|Any CPU.Build.0 = Release|Any CPU
	EndGlobalSection
EndGlobal
