
Microsoft Visual Studio Solution File, Format Version 11.00
# Visual Studio 2010
# SharpDevelop 5.1
Project("{FAE04EC0-301F-11D3-BF4B-00C04F79EFBC}") = "proste dodawanie", "proste dodawanie\proste dodawanie.csproj", "{65E4515E-E8D5-4E77-B9FF-A0FC8F90B5EB}"
EndProject
Global
	GlobalSection(SolutionConfigurationPlatforms) = preSolution
		Debug|Any CPU = Debug|Any CPU
		Release|Any CPU = Release|Any CPU
	EndGlobalSection
	GlobalSection(ProjectConfigurationPlatforms) = postSolution
		{65E4515E-E8D5-4E77-B9FF-A0FC8F90B5EB}.Debug|Any CPU.ActiveCfg = Debug|Any CPU
		{65E4515E-E8D5-4E77-B9FF-A0FC8F90B5EB}.Debug|Any CPU.Build.0 = Debug|Any CPU
		{65E4515E-E8D5-4E77-B9FF-A0FC8F90B5EB}.Release|Any CPU.ActiveCfg = Release|Any CPU
		{65E4515E-E8D5-4E77-B9FF-A0FC8F90B5EB}.Release|Any CPU.Build.0 = Release|Any CPU
	EndGlobalSection
EndGlobal
